// !$*UTF8*$!
{
	archiveVersion = 1;
	classes = {
	};
	objectVersion = 48;
	objects = {

/* Begin PBXBuildFile section */
		7C5E99A9B3AD9D23E95D2BA9 /* Pods_agende.framework in Frameworks */ = {isa = PBXBuildFile; fileRef = C75D1894347E1FF3220CE0C9 /* Pods_agende.framework */; };
		C6B9E630203E83FD008A33CC /* EspecialidadeTableViewController.swift in Sources */ = {isa = PBXBuildFile; fileRef = C6B9E62F203E83FD008A33CC /* EspecialidadeTableViewController.swift */; };
		C6B9E632203E8519008A33CC /* MedicosTableViewCell.swift in Sources */ = {isa = PBXBuildFile; fileRef = C6B9E631203E8519008A33CC /* MedicosTableViewCell.swift */; };
		C6B9E634203E8653008A33CC /* HorariosTableViewCell.swift in Sources */ = {isa = PBXBuildFile; fileRef = C6B9E633203E8653008A33CC /* HorariosTableViewCell.swift */; };
		C6B9E636203E865F008A33CC /* HorariosTableViewController.swift in Sources */ = {isa = PBXBuildFile; fileRef = C6B9E635203E865F008A33CC /* HorariosTableViewController.swift */; };
		C6CDCC741FCCA77900C7FD58 /* AppDelegate.swift in Sources */ = {isa = PBXBuildFile; fileRef = C6CDCC731FCCA77900C7FD58 /* AppDelegate.swift */; };
		C6CDCC761FCCA77900C7FD58 /* ViewController.swift in Sources */ = {isa = PBXBuildFile; fileRef = C6CDCC751FCCA77900C7FD58 /* ViewController.swift */; };
		C6CDCC791FCCA77900C7FD58 /* Main.storyboard in Resources */ = {isa = PBXBuildFile; fileRef = C6CDCC771FCCA77900C7FD58 /* Main.storyboard */; };
		C6CDCC7B1FCCA77900C7FD58 /* Assets.xcassets in Resources */ = {isa = PBXBuildFile; fileRef = C6CDCC7A1FCCA77900C7FD58 /* Assets.xcassets */; };
		C6CDCC7E1FCCA77900C7FD58 /* LaunchScreen.storyboard in Resources */ = {isa = PBXBuildFile; fileRef = C6CDCC7C1FCCA77900C7FD58 /* LaunchScreen.storyboard */; };
		C6D5458F1FD04D9800CFD141 /* CardView.swift in Sources */ = {isa = PBXBuildFile; fileRef = C6D5458E1FD04D9800CFD141 /* CardView.swift */; };
		C6D545911FD0779300CFD141 /* PerfilTableViewCell.swift in Sources */ = {isa = PBXBuildFile; fileRef = C6D545901FD0779300CFD141 /* PerfilTableViewCell.swift */; };
		C6D545931FD0789600CFD141 /* Consulta.swift in Sources */ = {isa = PBXBuildFile; fileRef = C6D545921FD0789600CFD141 /* Consulta.swift */; };
		C6D545951FD08B8300CFD141 /* EspecialistasTableViewController.swift in Sources */ = {isa = PBXBuildFile; fileRef = C6D545941FD08B8300CFD141 /* EspecialistasTableViewController.swift */; };
		C6D545971FD08C9100CFD141 /* EspecialidadesTableViewCell.swift in Sources */ = {isa = PBXBuildFile; fileRef = C6D545961FD08C9100CFD141 /* EspecialidadesTableViewCell.swift */; };
		C6D5459B1FD0907300CFD141 /* EspecialistasViewController.swift in Sources */ = {isa = PBXBuildFile; fileRef = C6D5459A1FD0907300CFD141 /* EspecialistasViewController.swift */; };
/* End PBXBuildFile section */

/* Begin PBXFileReference section */
		46DFE16C7FBCADD3B3086D5F /* Pods-agende.release.xcconfig */ = {isa = PBXFileReference; includeInIndex = 1; lastKnownFileType = text.xcconfig; name = "Pods-agende.release.xcconfig"; path = "Pods/Target Support Files/Pods-agende/Pods-agende.release.xcconfig"; sourceTree = "<group>"; };
		809E538A89EA94CEE40E3278 /* Pods-agende.debug.xcconfig */ = {isa = PBXFileReference; includeInIndex = 1; lastKnownFileType = text.xcconfig; name = "Pods-agende.debug.xcconfig"; path = "Pods/Target Support Files/Pods-agende/Pods-agende.debug.xcconfig"; sourceTree = "<group>"; };
		C6B9E62F203E83FD008A33CC /* EspecialidadeTableViewController.swift */ = {isa = PBXFileReference; lastKnownFileType = sourcecode.swift; path = EspecialidadeTableViewController.swift; sourceTree = "<group>"; };
		C6B9E631203E8519008A33CC /* MedicosTableViewCell.swift */ = {isa = PBXFileReference; lastKnownFileType = sourcecode.swift; path = MedicosTableViewCell.swift; sourceTree = "<group>"; };
		C6B9E633203E8653008A33CC /* HorariosTableViewCell.swift */ = {isa = PBXFileReference; lastKnownFileType = sourcecode.swift; path = HorariosTableViewCell.swift; sourceTree = "<group>"; };
		C6B9E635203E865F008A33CC /* HorariosTableViewController.swift */ = {isa = PBXFileReference; lastKnownFileType = sourcecode.swift; path = HorariosTableViewController.swift; sourceTree = "<group>"; };
		C6CDCC701FCCA77900C7FD58 /* agende.app */ = {isa = PBXFileReference; explicitFileType = wrapper.application; includeInIndex = 0; path = agende.app; sourceTree = BUILT_PRODUCTS_DIR; };
		C6CDCC731FCCA77900C7FD58 /* AppDelegate.swift */ = {isa = PBXFileReference; lastKnownFileType = sourcecode.swift; path = AppDelegate.swift; sourceTree = "<group>"; };
		C6CDCC751FCCA77900C7FD58 /* ViewController.swift */ = {isa = PBXFileReference; lastKnownFileType = sourcecode.swift; path = ViewController.swift; sourceTree = "<group>"; };
		C6CDCC781FCCA77900C7FD58 /* Base */ = {isa = PBXFileReference; lastKnownFileType = file.storyboard; name = Base; path = Base.lproj/Main.storyboard; sourceTree = "<group>"; };
		C6CDCC7A1FCCA77900C7FD58 /* Assets.xcassets */ = {isa = PBXFileReference; lastKnownFileType = folder.assetcatalog; path = Assets.xcassets; sourceTree = "<group>"; };
		C6CDCC7D1FCCA77900C7FD58 /* Base */ = {isa = PBXFileReference; lastKnownFileType = file.storyboard; name = Base; path = Base.lproj/LaunchScreen.storyboard; sourceTree = "<group>"; };
		C6CDCC7F1FCCA77900C7FD58 /* Info.plist */ = {isa = PBXFileReference; lastKnownFileType = text.plist.xml; path = Info.plist; sourceTree = "<group>"; };
		C6CDCC851FCCAEE800C7FD58 /* GoogleService-Info.plist */ = {isa = PBXFileReference; lastKnownFileType = text.plist.xml; path = "GoogleService-Info.plist"; sourceTree = "<group>"; };
		C6D5458E1FD04D9800CFD141 /* CardView.swift */ = {isa = PBXFileReference; lastKnownFileType = sourcecode.swift; path = CardView.swift; sourceTree = "<group>"; };
		C6D545901FD0779300CFD141 /* PerfilTableViewCell.swift */ = {isa = PBXFileReference; lastKnownFileType = sourcecode.swift; path = PerfilTableViewCell.swift; sourceTree = "<group>"; };
		C6D545921FD0789600CFD141 /* Consulta.swift */ = {isa = PBXFileReference; lastKnownFileType = sourcecode.swift; path = Consulta.swift; sourceTree = "<group>"; };
		C6D545941FD08B8300CFD141 /* EspecialistasTableViewController.swift */ = {isa = PBXFileReference; lastKnownFileType = sourcecode.swift; path = EspecialistasTableViewController.swift; sourceTree = "<group>"; };
		C6D545961FD08C9100CFD141 /* EspecialidadesTableViewCell.swift */ = {isa = PBXFileReference; lastKnownFileType = sourcecode.swift; path = EspecialidadesTableViewCell.swift; sourceTree = "<group>"; };
		C6D5459A1FD0907300CFD141 /* EspecialistasViewController.swift */ = {isa = PBXFileReference; lastKnownFileType = sourcecode.swift; path = EspecialistasViewController.swift; sourceTree = "<group>"; };
		C75D1894347E1FF3220CE0C9 /* Pods_agende.framework */ = {isa = PBXFileReference; explicitFileType = wrapper.framework; includeInIndex = 0; path = Pods_agende.framework; sourceTree = BUILT_PRODUCTS_DIR; };
/* End PBXFileReference section */

/* Begin PBXFrameworksBuildPhase section */
		C6CDCC6D1FCCA77900C7FD58 /* Frameworks */ = {
			isa = PBXFrameworksBuildPhase;
			buildActionMask = 2147483647;
			files = (
				7C5E99A9B3AD9D23E95D2BA9 /* Pods_agende.framework in Frameworks */,
			);
			runOnlyForDeploymentPostprocessing = 0;
		};
/* End PBXFrameworksBuildPhase section */

/* Begin PBXGroup section */
		4C2557CE12BAFDA1A5F48F75 /* Frameworks */ = {
			isa = PBXGroup;
			children = (
				C75D1894347E1FF3220CE0C9 /* Pods_agende.framework */,
			);
			name = Frameworks;
			sourceTree = "<group>";
		};
		C6CDCC671FCCA77900C7FD58 = {
			isa = PBXGroup;
			children = (
				C6CDCC721FCCA77900C7FD58 /* agende */,
				C6CDCC711FCCA77900C7FD58 /* Products */,
				FA16AFADA11B53DE503804A4 /* Pods */,
				4C2557CE12BAFDA1A5F48F75 /* Frameworks */,
			);
			sourceTree = "<group>";
		};
		C6CDCC711FCCA77900C7FD58 /* Products */ = {
			isa = PBXGroup;
			children = (
				C6CDCC701FCCA77900C7FD58 /* agende.app */,
			);
			name = Products;
			sourceTree = "<group>";
		};
		C6CDCC721FCCA77900C7FD58 /* agende */ = {
			isa = PBXGroup;
			children = (
				C6CDCC731FCCA77900C7FD58 /* AppDelegate.swift */,
				C6CDCC751FCCA77900C7FD58 /* ViewController.swift */,
				C6CDCC771FCCA77900C7FD58 /* Main.storyboard */,
				C6B9E633203E8653008A33CC /* HorariosTableViewCell.swift */,
				C6B9E635203E865F008A33CC /* HorariosTableViewController.swift */,
				C6B9E631203E8519008A33CC /* MedicosTableViewCell.swift */,
				C6B9E62F203E83FD008A33CC /* EspecialidadeTableViewController.swift */,
				C6D5459A1FD0907300CFD141 /* EspecialistasViewController.swift */,
				C6D545961FD08C9100CFD141 /* EspecialidadesTableViewCell.swift */,
				C6D545941FD08B8300CFD141 /* EspecialistasTableViewController.swift */,
				C6D545921FD0789600CFD141 /* Consulta.swift */,
				C6D545901FD0779300CFD141 /* PerfilTableViewCell.swift */,
				C6D5458E1FD04D9800CFD141 /* CardView.swift */,
				C6CDCC7A1FCCA77900C7FD58 /* Assets.xcassets */,
				C6CDCC7C1FCCA77900C7FD58 /* LaunchScreen.storyboard */,
				C6CDCC7F1FCCA77900C7FD58 /* Info.plist */,
				C6CDCC851FCCAEE800C7FD58 /* GoogleService-Info.plist */,
			);
			path = agende;
			sourceTree = "<group>";
		};
		FA16AFADA11B53DE503804A4 /* Pods */ = {
			isa = PBXGroup;
			children = (
				809E538A89EA94CEE40E3278 /* Pods-agende.debug.xcconfig */,
				46DFE16C7FBCADD3B3086D5F /* Pods-agende.release.xcconfig */,
			);
			name = Pods;
			sourceTree = "<group>";
		};
/* End PBXGroup section */

/* Begin PBXNativeTarget section */
		C6CDCC6F1FCCA77900C7FD58 /* agende */ = {
			isa = PBXNativeTarget;
			buildConfigurationList = C6CDCC821FCCA77900C7FD58 /* Build configuration list for PBXNativeTarget "agende" */;
			buildPhases = (
				6AD323D07B85C4659604AB47 /* [CP] Check Pods Manifest.lock */,
				C6CDCC6C1FCCA77900C7FD58 /* Sources */,
				C6CDCC6D1FCCA77900C7FD58 /* Frameworks */,
				C6CDCC6E1FCCA77900C7FD58 /* Resources */,
				E680B64EAA8C7366441DE240 /* [CP] Embed Pods Frameworks */,
				CA72FAD5D60206456436A30F /* [CP] Copy Pods Resources */,
			);
			buildRules = (
			);
			dependencies = (
			);
			name = agende;
			productName = agende;
			productReference = C6CDCC701FCCA77900C7FD58 /* agende.app */;
			productType = "com.apple.product-type.application";
		};
/* End PBXNativeTarget section */

/* Begin PBXProject section */
		C6CDCC681FCCA77900C7FD58 /* Project object */ = {
			isa = PBXProject;
			attributes = {
				LastSwiftUpdateCheck = 0900;
				LastUpgradeCheck = 0900;
				ORGANIZATIONNAME = "Paulo Atavila";
				TargetAttributes = {
					C6CDCC6F1FCCA77900C7FD58 = {
						CreatedOnToolsVersion = 9.0;
						ProvisioningStyle = Automatic;
					};
				};
			};
			buildConfigurationList = C6CDCC6B1FCCA77900C7FD58 /* Build configuration list for PBXProject "agende" */;
			compatibilityVersion = "Xcode 8.0";
			developmentRegion = en;
			hasScannedForEncodings = 0;
			knownRegions = (
				en,
				Base,
			);
			mainGroup = C6CDCC671FCCA77900C7FD58;
			productRefGroup = C6CDCC711FCCA77900C7FD58 /* Products */;
			projectDirPath = "";
			projectRoot = "";
			targets = (
				C6CDCC6F1FCCA77900C7FD58 /* agende */,
			);
		};
/* End PBXProject section */

/* Begin PBXResourcesBuildPhase section */
		C6CDCC6E1FCCA77900C7FD58 /* Resources */ = {
			isa = PBXResourcesBuildPhase;
			buildActionMask = 2147483647;
			files = (
				C6CDCC7E1FCCA77900C7FD58 /* LaunchScreen.storyboard in Resources */,
				C6CDCC7B1FCCA77900C7FD58 /* Assets.xcassets in Resources */,
				C6CDCC791FCCA77900C7FD58 /* Main.storyboard in Resources */,
			);
			runOnlyForDeploymentPostprocessing = 0;
		};
/* End PBXResourcesBuildPhase section */

/* Begin PBXShellScriptBuildPhase section */
		6AD323D07B85C4659604AB47 /* [CP] Check Pods Manifest.lock */ = {
			isa = PBXShellScriptBuildPhase;
			buildActionMask = 2147483647;
			files = (
			);
			inputPaths = (
			);
			name = "[CP] Check Pods Manifest.lock";
			outputPaths = (
			);
			runOnlyForDeploymentPostprocessing = 0;
			shellPath = /bin/sh;
			shellScript = "diff \"${PODS_ROOT}/../Podfile.lock\" \"${PODS_ROOT}/Manifest.lock\" > /dev/null\nif [ $? != 0 ] ; then\n    # print error to STDERR\n    echo \"error: The sandbox is not in sync with the Podfile.lock. Run 'pod install' or update your CocoaPods installation.\" >&2\n    exit 1\nfi\n";
			showEnvVarsInLog = 0;
		};
		CA72FAD5D60206456436A30F /* [CP] Copy Pods Resources */ = {
			isa = PBXShellScriptBuildPhase;
			buildActionMask = 2147483647;
			files = (
			);
			inputPaths = (
			);
			name = "[CP] Copy Pods Resources";
			outputPaths = (
			);
			runOnlyForDeploymentPostprocessing = 0;
			shellPath = /bin/sh;
			shellScript = "\"${SRCROOT}/Pods/Target Support Files/Pods-agende/Pods-agende-resources.sh\"\n";
			showEnvVarsInLog = 0;
		};
		E680B64EAA8C7366441DE240 /* [CP] Embed Pods Frameworks */ = {
			isa = PBXShellScriptBuildPhase;
			buildActionMask = 2147483647;
			files = (
			);
			inputPaths = (
			);
			name = "[CP] Embed Pods Frameworks";
			outputPaths = (
			);
			runOnlyForDeploymentPostprocessing = 0;
			shellPath = /bin/sh;
			shellScript = "\"${SRCROOT}/Pods/Target Support Files/Pods-agende/Pods-agende-frameworks.sh\"\n";
			showEnvVarsInLog = 0;
		};
/* End PBXShellScriptBuildPhase section */

/* Begin PBXSourcesBuildPhase section */
		C6CDCC6C1FCCA77900C7FD58 /* Sources */ = {
			isa = PBXSourcesBuildPhase;
			buildActionMask = 2147483647;
			files = (
				C6B9E632203E8519008A33CC /* MedicosTableViewCell.swift in Sources */,
				C6CDCC761FCCA77900C7FD58 /* ViewController.swift in Sources */,
				C6B9E636203E865F008A33CC /* HorariosTableViewController.swift in Sources */,
				C6D545931FD0789600CFD141 /* Consulta.swift in Sources */,
				C6D545951FD08B8300CFD141 /* EspecialistasTableViewController.swift in Sources */,
				C6D545911FD0779300CFD141 /* PerfilTableViewCell.swift in Sources */,
				C6D5458F1FD04D9800CFD141 /* CardView.swift in Sources */,
				C6B9E634203E8653008A33CC /* HorariosTableViewCell.swift in Sources */,
				C6B9E630203E83FD008A33CC /* EspecialidadeTableViewController.swift in Sources */,
				C6CDCC741FCCA77900C7FD58 /* AppDelegate.swift in Sources */,
				C6D545971FD08C9100CFD141 /* EspecialidadesTableViewCell.swift in Sources */,
				C6D5459B1FD0907300CFD141 /* EspecialistasViewController.swift in Sources */,
			);
			runOnlyForDeploymentPostprocessing = 0;
		};
/* End PBXSourcesBuildPhase section */

/* Begin PBXVariantGroup section */
		C6CDCC771FCCA77900C7FD58 /* Main.storyboard */ = {
			isa = PBXVariantGroup;
			children = (
				C6CDCC781FCCA77900C7FD58 /* Base */,
			);
			name = Main.storyboard;
			sourceTree = "<group>";
		};
		C6CDCC7C1FCCA77900C7FD58 /* LaunchScreen.storyboard */ = {
			isa = PBXVariantGroup;
			children = (
				C6CDCC7D1FCCA77900C7FD58 /* Base */,
			);
			name = LaunchScreen.storyboard;
			sourceTree = "<group>";
		};
/* End PBXVariantGroup section */

/* Begin XCBuildConfiguration section */
		C6CDCC801FCCA77900C7FD58 /* Debug */ = {
			isa = XCBuildConfiguration;
			buildSettings = {
				ALWAYS_SEARCH_USER_PATHS = NO;
				CLANG_ANALYZER_NONNULL = YES;
				CLANG_ANALYZER_NUMBER_OBJECT_CONVERSION = YES_AGGRESSIVE;
				CLANG_CXX_LANGUAGE_STANDARD = "gnu++14";
				CLANG_CXX_LIBRARY = "libc++";
				CLANG_ENABLE_MODULES = YES;
				CLANG_ENABLE_OBJC_ARC = YES;
				CLANG_WARN_BLOCK_CAPTURE_AUTORELEASING = YES;
				CLANG_WARN_BOOL_CONVERSION = YES;
				CLANG_WARN_COMMA = YES;
				CLANG_WARN_CONSTANT_CONVERSION = YES;
				CLANG_WARN_DIRECT_OBJC_ISA_USAGE = YES_ERROR;
				CLANG_WARN_DOCUMENTATION_COMMENTS = YES;
				CLANG_WARN_EMPTY_BODY = YES;
				CLANG_WARN_ENUM_CONVERSION = YES;
				CLANG_WARN_INFINITE_RECURSION = YES;
				CLANG_WARN_INT_CONVERSION = YES;
				CLANG_WARN_NON_LITERAL_NULL_CONVERSION = YES;
				CLANG_WARN_OBJC_LITERAL_CONVERSION = YES;
				CLANG_WARN_OBJC_ROOT_CLASS = YES_ERROR;
				CLANG_WARN_RANGE_LOOP_ANALYSIS = YES;
				CLANG_WARN_STRICT_PROTOTYPES = YES;
				CLANG_WARN_SUSPICIOUS_MOVE = YES;
				CLANG_WARN_UNGUARDED_AVAILABILITY = YES_AGGRESSIVE;
				CLANG_WARN_UNREACHABLE_CODE = YES;
				CLANG_WARN__DUPLICATE_METHOD_MATCH = YES;
				CODE_SIGN_IDENTITY = "iPhone Developer";
				COPY_PHASE_STRIP = NO;
				DEBUG_INFORMATION_FORMAT = dwarf;
				ENABLE_STRICT_OBJC_MSGSEND = YES;
				ENABLE_TESTABILITY = YES;
				GCC_C_LANGUAGE_STANDARD = gnu11;
				GCC_DYNAMIC_NO_PIC = NO;
				GCC_NO_COMMON_BLOCKS = YES;
				GCC_OPTIMIZATION_LEVEL = 0;
				GCC_PREPROCESSOR_DEFINITIONS = (
					"DEBUG=1",
					"$(inherited)",
				);
				GCC_WARN_64_TO_32_BIT_CONVERSION = YES;
				GCC_WARN_ABOUT_RETURN_TYPE = YES_ERROR;
				GCC_WARN_UNDECLARED_SELECTOR = YES;
				GCC_WARN_UNINITIALIZED_AUTOS = YES_AGGRESSIVE;
				GCC_WARN_UNUSED_FUNCTION = YES;
				GCC_WARN_UNUSED_VARIABLE = YES;
				IPHONEOS_DEPLOYMENT_TARGET = 11.0;
				MTL_ENABLE_DEBUG_INFO = YES;
				ONLY_ACTIVE_ARCH = YES;
				SDKROOT = iphoneos;
				SWIFT_ACTIVE_COMPILATION_CONDITIONS = DEBUG;
				SWIFT_OPTIMIZATION_LEVEL = "-Onone";
				SWIFT_VERSION = 3.0;
			};
			name = Debug;
		};
		C6CDCC811FCCA77900C7FD58 /* Release */ = {
			isa = XCBuildConfiguration;
			buildSettings = {
				ALWAYS_SEARCH_USER_PATHS = NO;
				CLANG_ANALYZER_NONNULL = YES;
				CLANG_ANALYZER_NUMBER_OBJECT_CONVERSION = YES_AGGRESSIVE;
				CLANG_CXX_LANGUAGE_STANDARD = "gnu++14";
				CLANG_CXX_LIBRARY = "libc++";
				CLANG_ENABLE_MODULES = YES;
				CLANG_ENABLE_OBJC_ARC = YES;
				CLANG_WARN_BLOCK_CAPTURE_AUTORELEASING = YES;
				CLANG_WARN_BOOL_CONVERSION = YES;
				CLANG_WARN_COMMA = YES;
				CLANG_WARN_CONSTANT_CONVERSION = YES;
				CLANG_WARN_DIRECT_OBJC_ISA_USAGE = YES_ERROR;
				CLANG_WARN_DOCUMENTATION_COMMENTS = YES;
				CLANG_WARN_EMPTY_BODY = YES;
				CLANG_WARN_ENUM_CONVERSION = YES;
				CLANG_WARN_INFINITE_RECURSION = YES;
				CLANG_WARN_INT_CONVERSION = YES;
				CLANG_WARN_NON_LITERAL_NULL_CONVERSION = YES;
				CLANG_WARN_OBJC_LITERAL_CONVERSION = YES;
				CLANG_WARN_OBJC_ROOT_CLASS = YES_ERROR;
				CLANG_WARN_RANGE_LOOP_ANALYSIS = YES;
				CLANG_WARN_STRICT_PROTOTYPES = YES;
				CLANG_WARN_SUSPICIOUS_MOVE = YES;
				CLANG_WARN_UNGUARDED_AVAILABILITY = YES_AGGRESSIVE;
				CLANG_WARN_UNREACHABLE_CODE = YES;
				CLANG_WARN__DUPLICATE_METHOD_MATCH = YES;
				CODE_SIGN_IDENTITY = "iPhone Developer";
				COPY_PHASE_STRIP = NO;
				DEBUG_INFORMATION_FORMAT = "dwarf-with-dsym";
				ENABLE_NS_ASSERTIONS = NO;
				ENABLE_STRICT_OBJC_MSGSEND = YES;
				GCC_C_LANGUAGE_STANDARD = gnu11;
				GCC_NO_COMMON_BLOCKS = YES;
				GCC_WARN_64_TO_32_BIT_CONVERSION = YES;
				GCC_WARN_ABOUT_RETURN_TYPE = YES_ERROR;
				GCC_WARN_UNDECLARED_SELECTOR = YES;
				GCC_WARN_UNINITIALIZED_AUTOS = YES_AGGRESSIVE;
				GCC_WARN_UNUSED_FUNCTION = YES;
				GCC_WARN_UNUSED_VARIABLE = YES;
				IPHONEOS_DEPLOYMENT_TARGET = 11.0;
				MTL_ENABLE_DEBUG_INFO = NO;
				SDKROOT = iphoneos;
				SWIFT_OPTIMIZATION_LEVEL = "-Owholemodule";
				SWIFT_VERSION = 3.0;
				VALIDATE_PRODUCT = YES;
			};
			name = Release;
		};
		C6CDCC831FCCA77900C7FD58 /* Debug */ = {
			isa = XCBuildConfiguration;
			baseConfigurationReference = 809E538A89EA94CEE40E3278 /* Pods-agende.debug.xcconfig */;
			buildSettings = {
				ASSETCATALOG_COMPILER_APPICON_NAME = AppIcon;
				CODE_SIGN_STYLE = Automatic;
				DEVELOPMENT_TEAM = N6296265YS;
				INFOPLIST_FILE = agende/Info.plist;
				LD_RUNPATH_SEARCH_PATHS = "$(inherited) @executable_path/Frameworks";
				PRODUCT_BUNDLE_IDENTIFIER = com.pauloatavila.agende;
				PRODUCT_NAME = "$(TARGET_NAME)";
				SWIFT_VERSION = 3.0;
				TARGETED_DEVICE_FAMILY = "1,2";
			};
			name = Debug;
		};
		C6CDCC841FCCA77900C7FD58 /* Release */ = {
			isa = XCBuildConfiguration;
			baseConfigurationReference = 46DFE16C7FBCADD3B3086D5F /* Pods-agende.release.xcconfig */;
			buildSettings = {
				ASSETCATALOG_COMPILER_APPICON_NAME = AppIcon;
				CODE_SIGN_STYLE = Automatic;
				DEVELOPMENT_TEAM = N6296265YS;
				INFOPLIST_FILE = agende/Info.plist;
				LD_RUNPATH_SEARCH_PATHS = "$(inherited) @executable_path/Frameworks";
				PRODUCT_BUNDLE_IDENTIFIER = com.pauloatavila.agende;
				PRODUCT_NAME = "$(TARGET_NAME)";
				SWIFT_VERSION = 3.0;
				TARGETED_DEVICE_FAMILY = "1,2";
			};
			name = Release;
		};
/* End XCBuildConfiguration section */

/* Begin XCConfigurationList section */
		C6CDCC6B1FCCA77900C7FD58 /* Build configuration list for PBXProject "agende" */ = {
			isa = XCConfigurationList;
			buildConfigurations = (
				C6CDCC801FCCA77900C7FD58 /* Debug */,
				C6CDCC811FCCA77900C7FD58 /* Release */,
			);
			defaultConfigurationIsVisible = 0;
			defaultConfigurationName = Release;
		};
		C6CDCC821FCCA77900C7FD58 /* Build configuration list for PBXNativeTarget "agende" */ = {
			isa = XCConfigurationList;
			buildConfigurations = (
				C6CDCC831FCCA77900C7FD58 /* Debug */,
				C6CDCC841FCCA77900C7FD58 /* Release */,
			);
			defaultConfigurationIsVisible = 0;
			defaultConfigurationName = Release;
		};
/* End XCConfigurationList section */
	};
	rootObject = C6CDCC681FCCA77900C7FD58 /* Project object */;
}
